{
  "name": "testing-microjob",
  "version": "1.0.0",
  "lockfileVersion": 1,
  "requires": true,
  "dependencies": {
    "microjob": {
      "version": "0.5.2",
      "resolved": "https://registry.npmjs.org/microjob/-/microjob-0.5.2.tgz",
      "integrity": "sha512-RzJQgxGvrH1nPWvqoDEoApgS+96MdNi6ZMQ68Sa5oaQ3xo8KY+4qjl4uaq5yx8vkqEluJQs1DULr1VJjwAEABw=="
    }
  }
}
